
Microsoft Visual Studio Solution File, Format Version 12.00
# Visual Studio Version 17
VisualStudioVersion = 17.5.33530.505
MinimumVisualStudioVersion = 10.0.40219.1
Project("{FAE04EC0-301F-11D3-BF4B-00C04F79EFBC}") = "stajbesgün", "stajbesgün\stajbesgün.csproj", "{798A8F11-FB4C-48D4-9B54-640EC928AB51}"
EndProject
Global
	GlobalSection(SolutionConfigurationPlatforms) = preSolution
		Debug|Any CPU = Debug|Any CPU
		Release|Any CPU = Release|Any CPU
	EndGlobalSection
	GlobalSection(ProjectConfigurationPlatforms) = postSolution
		{798A8F11-FB4C-48D4-9B54-640EC928AB51}.Debug|Any CPU.ActiveCfg = Debug|Any CPU
		{798A8F11-FB4C-48D4-9B54-640EC928AB51}.Debug|Any CPU.Build.0 = Debug|Any CPU
		{798A8F11-FB4C-48D4-9B54-640EC928AB51}.Release|Any CPU.ActiveCfg = Release|Any CPU
		{798A8F11-FB4C-48D4-9B54-640EC928AB51}.Release|Any CPU.Build.0 = Release|Any CPU
	EndGlobalSection
	GlobalSection(SolutionProperties) = preSolution
		HideSolutionNode = FALSE
	EndGlobalSection
	GlobalSection(ExtensibilityGlobals) = postSolution
		SolutionGuid = {2C4A23EB-B184-4070-9D11-FF369379AAA1}
	EndGlobalSection
EndGlobal
